Microsoft Visual Studio Solution File, Format Version 8.00
Project("{8BC9CEB8-8B4A-11D0-8D11-00A0C91BC942}") = "Stars", "Stars.vcproj", "{33C8D0CE-521D-4EF3-8D2A-B399BD7B758A}"
	ProjectSection(ProjectDependencies) = postProject
	EndProjectSection
EndProject
Global
	GlobalSection(SolutionConfiguration) = preSolution
		Debug = Debug
		Release = Release
	EndGlobalSection
	GlobalSection(ProjectConfiguration) = postSolution
		{33C8D0CE-521D-4EF3-8D2A-B399BD7B758A}.Debug.ActiveCfg = Debug|Win32
		{33C8D0CE-521D-4EF3-8D2A-B399BD7B758A}.Debug.Build.0 = Debug|Win32
		{33C8D0CE-521D-4EF3-8D2A-B399BD7B758A}.Release.ActiveCfg = Release|Win32
		{33C8D0CE-521D-4EF3-8D2A-B399BD7B758A}.Release.Build.0 = Release|Win32
	EndGlobalSection
	GlobalSection(ExtensibilityGlobals) = postSolution
	EndGlobalSection
	GlobalSection(ExtensibilityAddIns) = postSolution
	EndGlobalSection
EndGlobal
